
Microsoft Visual Studio Solution File, Format Version 12.00
# Visual Studio Version 17
VisualStudioVersion = 17.1.32210.238
MinimumVisualStudioVersion = 10.0.40219.1
Project("{8BC9CEB8-8B4A-11D0-8D11-00A0C91BC942}") = "자응실5주차(원형,양방향 연결리스트)", "자응실5주차(원형,양방향 연결리스트)\자응실5주차(원형,양방향 연결리스트).vcxproj", "{FDC34DFB-16E5-41A7-960E-47BA09A7BAD9}"
EndProject
Global
	GlobalSection(SolutionConfigurationPlatforms) = preSolution
		Debug|x64 = Debug|x64
		Debug|x86 = Debug|x86
		Release|x64 = Release|x64
		Release|x86 = Release|x86
	EndGlobalSection
	GlobalSection(ProjectConfigurationPlatforms) = postSolution
		{FDC34DFB-16E5-41A7-960E-47BA09A7BAD9}.Debug|x64.ActiveCfg = Debug|x64
		{FDC34DFB-16E5-41A7-960E-47BA09A7BAD9}.Debug|x64.Build.0 = Debug|x64
		{FDC34DFB-16E5-41A7-960E-47BA09A7BAD9}.Debug|x86.ActiveCfg = Debug|Win32
		{FDC34DFB-16E5-41A7-960E-47BA09A7BAD9}.Debug|x86.Build.0 = Debug|Win32
		{FDC34DFB-16E5-41A7-960E-47BA09A7BAD9}.Release|x64.ActiveCfg = Release|x64
		{FDC34DFB-16E5-41A7-960E-47BA09A7BAD9}.Release|x64.Build.0 = Release|x64
		{FDC34DFB-16E5-41A7-960E-47BA09A7BAD9}.Release|x86.ActiveCfg = Release|Win32
		{FDC34DFB-16E5-41A7-960E-47BA09A7BAD9}.Release|x86.Build.0 = Release|Win32
	EndGlobalSection
	GlobalSection(SolutionProperties) = preSolution
		HideSolutionNode = FALSE
	EndGlobalSection
	GlobalSection(ExtensibilityGlobals) = postSolution
		SolutionGuid = {1659C2CD-F862-4819-A18F-A2E4BAA81E12}
	EndGlobalSection
EndGlobal
