
Microsoft Visual Studio Solution File, Format Version 12.00
# Visual Studio Version 17
VisualStudioVersion = 17.1.32210.238
MinimumVisualStudioVersion = 10.0.40219.1
Project("{8BC9CEB8-8B4A-11D0-8D11-00A0C91BC942}") = "5.2 배열 스택을 사용한 수식의 계산", "5.2 배열 스택을 사용한 수식의 계산\5.2 배열 스택을 사용한 수식의 계산.vcxproj", "{06F4A1BB-8FE0-4BB2-9FF1-5961D8F79E7B}"
EndProject
Global
	GlobalSection(SolutionConfigurationPlatforms) = preSolution
		Debug|x64 = Debug|x64
		Debug|x86 = Debug|x86
		Release|x64 = Release|x64
		Release|x86 = Release|x86
	EndGlobalSection
	GlobalSection(ProjectConfigurationPlatforms) = postSolution
		{06F4A1BB-8FE0-4BB2-9FF1-5961D8F79E7B}.Debug|x64.ActiveCfg = Debug|x64
		{06F4A1BB-8FE0-4BB2-9FF1-5961D8F79E7B}.Debug|x64.Build.0 = Debug|x64
		{06F4A1BB-8FE0-4BB2-9FF1-5961D8F79E7B}.Debug|x86.ActiveCfg = Debug|Win32
		{06F4A1BB-8FE0-4BB2-9FF1-5961D8F79E7B}.Debug|x86.Build.0 = Debug|Win32
		{06F4A1BB-8FE0-4BB2-9FF1-5961D8F79E7B}.Release|x64.ActiveCfg = Release|x64
		{06F4A1BB-8FE0-4BB2-9FF1-5961D8F79E7B}.Release|x64.Build.0 = Release|x64
		{06F4A1BB-8FE0-4BB2-9FF1-5961D8F79E7B}.Release|x86.ActiveCfg = Release|Win32
		{06F4A1BB-8FE0-4BB2-9FF1-5961D8F79E7B}.Release|x86.Build.0 = Release|Win32
	EndGlobalSection
	GlobalSection(SolutionProperties) = preSolution
		HideSolutionNode = FALSE
	EndGlobalSection
	GlobalSection(ExtensibilityGlobals) = postSolution
		SolutionGuid = {07737123-3616-4EA2-98EE-74D3B9AB469E}
	EndGlobalSection
EndGlobal
