
Microsoft Visual Studio Solution File, Format Version 12.00
# Visual Studio Version 17
VisualStudioVersion = 17.1.32210.238
MinimumVisualStudioVersion = 10.0.40219.1
Project("{8BC9CEB8-8B4A-11D0-8D11-00A0C91BC942}") = "4.1원형 연결 리스트에서 노드의 삽입", "4.1원형 연결 리스트에서 노드의 삽입\4.1원형 연결 리스트에서 노드의 삽입.vcxproj", "{7351A9F6-8F72-4F95-BA64-2ABB0D0A7DDA}"
EndProject
Global
	GlobalSection(SolutionConfigurationPlatforms) = preSolution
		Debug|x64 = Debug|x64
		Debug|x86 = Debug|x86
		Release|x64 = Release|x64
		Release|x86 = Release|x86
	EndGlobalSection
	GlobalSection(ProjectConfigurationPlatforms) = postSolution
		{7351A9F6-8F72-4F95-BA64-2ABB0D0A7DDA}.Debug|x64.ActiveCfg = Debug|x64
		{7351A9F6-8F72-4F95-BA64-2ABB0D0A7DDA}.Debug|x64.Build.0 = Debug|x64
		{7351A9F6-8F72-4F95-BA64-2ABB0D0A7DDA}.Debug|x86.ActiveCfg = Debug|Win32
		{7351A9F6-8F72-4F95-BA64-2ABB0D0A7DDA}.Debug|x86.Build.0 = Debug|Win32
		{7351A9F6-8F72-4F95-BA64-2ABB0D0A7DDA}.Release|x64.ActiveCfg = Release|x64
		{7351A9F6-8F72-4F95-BA64-2ABB0D0A7DDA}.Release|x64.Build.0 = Release|x64
		{7351A9F6-8F72-4F95-BA64-2ABB0D0A7DDA}.Release|x86.ActiveCfg = Release|Win32
		{7351A9F6-8F72-4F95-BA64-2ABB0D0A7DDA}.Release|x86.Build.0 = Release|Win32
	EndGlobalSection
	GlobalSection(SolutionProperties) = preSolution
		HideSolutionNode = FALSE
	EndGlobalSection
	GlobalSection(ExtensibilityGlobals) = postSolution
		SolutionGuid = {FF159021-8823-4E73-AEBB-83F28FD354A5}
	EndGlobalSection
EndGlobal
